
Microsoft Visual Studio Solution File, Format Version 12.00
# Visual Studio Version 17
VisualStudioVersion = 17.5.002.0
MinimumVisualStudioVersion = 10.0.40219.1
Project("{9A19103F-16F7-4668-BE54-9A1E7A4F7556}") = "dotnet-rpg", "dotnet-rpg.csproj", "{60358495-A191-4BBA-AD1D-87767A7AA83E}"
EndProject
Global
	GlobalSection(SolutionConfigurationPlatforms) = preSolution
		Debug|Any CPU = Debug|Any CPU
		Release|Any CPU = Release|Any CPU
	EndGlobalSection
	GlobalSection(ProjectConfigurationPlatforms) = postSolution
		{60358495-A191-4BBA-AD1D-87767A7AA83E}.Debug|Any CPU.ActiveCfg = Debug|Any CPU
		{60358495-A191-4BBA-AD1D-87767A7AA83E}.Debug|Any CPU.Build.0 = Debug|Any CPU
		{60358495-A191-4BBA-AD1D-87767A7AA83E}.Release|Any CPU.ActiveCfg = Release|Any CPU
		{60358495-A191-4BBA-AD1D-87767A7AA83E}.Release|Any CPU.Build.0 = Release|Any CPU
	EndGlobalSection
	GlobalSection(SolutionProperties) = preSolution
		HideSolutionNode = FALSE
	EndGlobalSection
	GlobalSection(ExtensibilityGlobals) = postSolution
		SolutionGuid = {75E2FE8E-45B6-4633-A852-72826BF90D7E}
	EndGlobalSection
EndGlobal
